name: krstc_interlock
module: SensorMonitor
module_path: sensor_monitor.py
broker: 10.66.193.71
routing_key_base: sensor_value.
targets:
    "krstc_hv_vset": 0
sensors:
  - target: krstc_temp
    alarms:
      - payload_field: value_cal
        max_value: -160
        alarm_message: "@wisecg and @pettus and @stortini: the cryostat temperature has risen above -160 C, the detector has been biased down"
        alarm_limit: 1
        alarm_recurrence: 3600
  - target: krstc_pressure
    alarms:
      - payload_field: value_cal
        max_value: .00001
        alarm_message: "@wisecg and @pettus and @stortini: the cryostat pressure has risen above 1e-5 mbar, the detector has been biased down"
        alarm_limit: 1
        alarm_recurrence: 3600
  - target: krstc_baseline
    alarms:
      - payload_field: value_cal
        max_value: 0.5
        alarm_message: "@wisecg and @pettus and @stortini: the baseline has risen above -1.5 V, the detector has been biased down"
        alarm_limit: 1
        alarm_recurrence: 3600
      - payload_field: value_cal
        min_value: -2.0
        alarm_message: "@wisecg and @pettus and @stortini: the baseline has dropped below -9.5 V, the detector has been biased down"
        alarm_limit: 1
        alarm_recurrence: 3600
